
Microsoft Visual Studio Solution File, Format Version 12.00
# Visual Studio 2013
VisualStudioVersion = 12.0.21005.1
MinimumVisualStudioVersion = 10.0.40219.1
Project("{2150E333-8FDC-42A3-9474-1A3956D46DE8}") = "Solution Items", "Solution Items", "{54AD0309-35AF-413D-BDC7-F57E17E3ACE0}"
	ProjectSection(SolutionItems) = preProject
		build.fsx = build.fsx
		LICENSE.txt = LICENSE.txt
		README.md = README.md
	EndProjectSection
EndProject
Project("{2150E333-8FDC-42A3-9474-1A3956D46DE8}") = "Samples", "Samples", "{D303CDA2-7844-459F-9315-BB5326FEA477}"
	ProjectSection(SolutionItems) = preProject
		samples\ConvergenceAnalysis.fsx = samples\ConvergenceAnalysis.fsx
		samples\FArchaeologist.fsx = samples\FArchaeologist.fsx
		samples\iris.data = samples\iris.data
		samples\Scatterplot.fsx = samples\Scatterplot.fsx
		samples\Script.fsx = samples\Script.fsx
		samples\ws.csv = samples\ws.csv
	EndProjectSection
EndProject
Project("{F2A71F9B-5D33-465A-A702-920D77279786}") = "VegaHub", "src\VegaHub.fsproj", "{50151D7A-5E87-4535-8150-2F63A68D0040}"
EndProject
Global
	GlobalSection(SolutionConfigurationPlatforms) = preSolution
		Debug|Any CPU = Debug|Any CPU
		Release|Any CPU = Release|Any CPU
	EndGlobalSection
	GlobalSection(ProjectConfigurationPlatforms) = postSolution
		{50151D7A-5E87-4535-8150-2F63A68D0040}.Debug|Any CPU.ActiveCfg = Debug|Any CPU
		{50151D7A-5E87-4535-8150-2F63A68D0040}.Debug|Any CPU.Build.0 = Debug|Any CPU
		{50151D7A-5E87-4535-8150-2F63A68D0040}.Release|Any CPU.ActiveCfg = Release|Any CPU
		{50151D7A-5E87-4535-8150-2F63A68D0040}.Release|Any CPU.Build.0 = Release|Any CPU
	EndGlobalSection
	GlobalSection(SolutionProperties) = preSolution
		HideSolutionNode = FALSE
	EndGlobalSection
EndGlobal
